
Microsoft Visual Studio Solution File, Format Version 12.00
# Visual Studio Version 16
VisualStudioVersion = 16.0.32228.343
MinimumVisualStudioVersion = 10.0.40219.1
Project("{2150E333-8FDC-42A3-9474-1A3956D46DE8}") = "Services", "Services", "{DB95377A-50F2-440F-9EEE-B34995E49195}"
EndProject
Project("{2150E333-8FDC-42A3-9474-1A3956D46DE8}") = "Catalog", "Catalog", "{6909AA81-3296-4A16-8BBA-E95271883095}"
EndProject
Project("{9A19103F-16F7-4668-BE54-9A1E7A4F7556}") = "Catalog.API", "Services\Catalog\Catalog.API\Catalog.API.csproj", "{A9DA14B5-1A14-441F-90B3-C27F47493C46}"
EndProject
Project("{E53339B2-1760-4266-BCC7-CA923CBCF16C}") = "docker-compose", "docker-compose.dcproj", "{D53ACCC8-A089-4DC9-B12B-01438496FDA3}"
EndProject
Project("{2150E333-8FDC-42A3-9474-1A3956D46DE8}") = "Basket", "Basket", "{4B6BFB43-2434-4C87-8CA5-E9F4D6D3D96B}"
EndProject
Project("{FAE04EC0-301F-11D3-BF4B-00C04F79EFBC}") = "Basket.API", "Services\Basket\Basket.API\Basket.API.csproj", "{14D9D548-FB69-43A8-8C2B-95E7E29CDD85}"
EndProject
Global
	GlobalSection(SolutionConfigurationPlatforms) = preSolution
		Debug|Any CPU = Debug|Any CPU
		Release|Any CPU = Release|Any CPU
	EndGlobalSection
	GlobalSection(ProjectConfigurationPlatforms) = postSolution
		{A9DA14B5-1A14-441F-90B3-C27F47493C46}.Debug|Any CPU.ActiveCfg = Debug|Any CPU
		{A9DA14B5-1A14-441F-90B3-C27F47493C46}.Debug|Any CPU.Build.0 = Debug|Any CPU
		{A9DA14B5-1A14-441F-90B3-C27F47493C46}.Release|Any CPU.ActiveCfg = Release|Any CPU
		{A9DA14B5-1A14-441F-90B3-C27F47493C46}.Release|Any CPU.Build.0 = Release|Any CPU
		{D53ACCC8-A089-4DC9-B12B-01438496FDA3}.Debug|Any CPU.ActiveCfg = Debug|Any CPU
		{D53ACCC8-A089-4DC9-B12B-01438496FDA3}.Debug|Any CPU.Build.0 = Debug|Any CPU
		{D53ACCC8-A089-4DC9-B12B-01438496FDA3}.Release|Any CPU.ActiveCfg = Release|Any CPU
		{D53ACCC8-A089-4DC9-B12B-01438496FDA3}.Release|Any CPU.Build.0 = Release|Any CPU
		{14D9D548-FB69-43A8-8C2B-95E7E29CDD85}.Debug|Any CPU.ActiveCfg = Debug|Any CPU
		{14D9D548-FB69-43A8-8C2B-95E7E29CDD85}.Debug|Any CPU.Build.0 = Debug|Any CPU
		{14D9D548-FB69-43A8-8C2B-95E7E29CDD85}.Release|Any CPU.ActiveCfg = Release|Any CPU
		{14D9D548-FB69-43A8-8C2B-95E7E29CDD85}.Release|Any CPU.Build.0 = Release|Any CPU
	EndGlobalSection
	GlobalSection(SolutionProperties) = preSolution
		HideSolutionNode = FALSE
	EndGlobalSection
	GlobalSection(NestedProjects) = preSolution
		{6909AA81-3296-4A16-8BBA-E95271883095} = {DB95377A-50F2-440F-9EEE-B34995E49195}
		{A9DA14B5-1A14-441F-90B3-C27F47493C46} = {6909AA81-3296-4A16-8BBA-E95271883095}
		{4B6BFB43-2434-4C87-8CA5-E9F4D6D3D96B} = {DB95377A-50F2-440F-9EEE-B34995E49195}
		{14D9D548-FB69-43A8-8C2B-95E7E29CDD85} = {4B6BFB43-2434-4C87-8CA5-E9F4D6D3D96B}
	EndGlobalSection
	GlobalSection(ExtensibilityGlobals) = postSolution
		SolutionGuid = {EB91B7E0-8D0A-4701-8EFB-4CAB41CB396E}
	EndGlobalSection
EndGlobal
